
Microsoft Visual Studio Solution File, Format Version 12.00
# Visual Studio 15
VisualStudioVersion = 15.0.28307.271
MinimumVisualStudioVersion = 10.0.40219.1
Project("{FAE04EC0-301F-11D3-BF4B-00C04F79EFBC}") = "DreamTeamProject", "DreamTeamProject\DreamTeamProject.csproj", "{8DED6190-5AC0-4DB4-8EA6-0108FB4FB399}"
EndProject
Global
	GlobalSection(SolutionConfigurationPlatforms) = preSolution
		Debug|Any CPU = Debug|Any CPU
		Release|Any CPU = Release|Any CPU
	EndGlobalSection
	GlobalSection(ProjectConfigurationPlatforms) = postSolution
		{8DED6190-5AC0-4DB4-8EA6-0108FB4FB399}.Debug|Any CPU.ActiveCfg = Debug|Any CPU
		{8DED6190-5AC0-4DB4-8EA6-0108FB4FB399}.Debug|Any CPU.Build.0 = Debug|Any CPU
		{8DED6190-5AC0-4DB4-8EA6-0108FB4FB399}.Release|Any CPU.ActiveCfg = Release|Any CPU
		{8DED6190-5AC0-4DB4-8EA6-0108FB4FB399}.Release|Any CPU.Build.0 = Release|Any CPU
	EndGlobalSection
	GlobalSection(SolutionProperties) = preSolution
		HideSolutionNode = FALSE
	EndGlobalSection
	GlobalSection(ExtensibilityGlobals) = postSolution
		SolutionGuid = {610CCC8E-A7E2-4883-A479-EEED32973CC3}
	EndGlobalSection
EndGlobal
